{
  "version": 4,
  "terraform_version": "1.3.6",
  "serial": 7,
  "lineage": "1c404362-be4b-e5d8-1131-3087ade49595",
  "outputs": {},
  "resources": [
    {
      "mode": "managed",
      "type": "azurerm_resource_group",
      "name": "GalimPro-Prod",
      "provider": "provider[\"registry.terraform.io/hashicorp/azurerm\"]",
      "instances": [
        {
          "schema_version": 0,
          "attributes": {
            "id": "/subscriptions/cce19a46-eb62-40a6-ae89-4fc6fca58976/resourceGroups/GalimPro-Prod",
            "location": "westeurope",
            "name": "GalimPro-Prod",
            "tags": {
              "Environment": "prod"
            },
            "timeouts": {
              "create": null,
              "delete": null,
              "read": null,
              "update": null
            }
          },
          "sensitive_attributes": [],
          "private": "eyJlMmJmYjczMC1lY2FhLTExZTYtOGY4OC0zNDM2M2JjN2M0YzAiOnsiY3JlYXRlIjo1NDAwMDAwMDAwMDAwLCJkZWxldGUiOjU0MDAwMDAwMDAwMDAsInJlYWQiOjMwMDAwMDAwMDAwMCwidXBkYXRlIjo1NDAwMDAwMDAwMDAwfSwic2NoZW1hX3ZlcnNpb24iOiIwIn0="
        }
      ]
    },
    {
      "module": "module.vnetgalim",
      "mode": "managed",
      "type": "azurerm_public_ip",
      "name": "vpn",
      "provider": "provider[\"registry.terraform.io/hashicorp/azurerm\"]",
      "instances": [
        {
          "schema_version": 0,
          "attributes": {
            "allocation_method": "Dynamic",
            "ddos_protection_mode": "VirtualNetworkInherited",
            "ddos_protection_plan_id": null,
            "domain_name_label": null,
            "edge_zone": "",
            "fqdn": null,
            "id": "/subscriptions/cce19a46-eb62-40a6-ae89-4fc6fca58976/resourceGroups/GalimPro-Prod/providers/Microsoft.Network/publicIPAddresses/bi-vgw-vpn-galimpro",
            "idle_timeout_in_minutes": 4,
            "ip_address": "",
            "ip_tags": null,
            "ip_version": "IPv4",
            "location": "westeurope",
            "name": "bi-vgw-vpn-galimpro",
            "public_ip_prefix_id": null,
            "resource_group_name": "GalimPro-Prod",
            "reverse_fqdn": null,
            "sku": "Basic",
            "sku_tier": "Regional",
            "tags": null,
            "timeouts": null,
            "zones": null
          },
          "sensitive_attributes": [],
          "private": "eyJlMmJmYjczMC1lY2FhLTExZTYtOGY4OC0zNDM2M2JjN2M0YzAiOnsiY3JlYXRlIjoxODAwMDAwMDAwMDAwLCJkZWxldGUiOjE4MDAwMDAwMDAwMDAsInJlYWQiOjMwMDAwMDAwMDAwMCwidXBkYXRlIjoxODAwMDAwMDAwMDAwfX0="
        }
      ]
    },
    {
      "module": "module.vnetgalim",
      "mode": "managed",
      "type": "azurerm_subnet",
      "name": "gateway",
      "provider": "provider[\"registry.terraform.io/hashicorp/azurerm\"]",
      "instances": [
        {
          "schema_version": 0,
          "attributes": {
            "address_prefixes": [
              "10.4.10.0/24"
            ],
            "delegation": [],
            "enforce_private_link_endpoint_network_policies": false,
            "enforce_private_link_service_network_policies": false,
            "id": "/subscriptions/cce19a46-eb62-40a6-ae89-4fc6fca58976/resourceGroups/GalimPro-Prod/providers/Microsoft.Network/virtualNetworks/vnet-vpn-galimpro/subnets/GatewaySubnet",
            "name": "GatewaySubnet",
            "private_endpoint_network_policies_enabled": true,
            "private_link_service_network_policies_enabled": true,
            "resource_group_name": "GalimPro-Prod",
            "service_endpoint_policy_ids": null,
            "service_endpoints": null,
            "timeouts": null,
            "virtual_network_name": "vnet-vpn-galimpro"
          },
          "sensitive_attributes": [],
          "private": "eyJlMmJmYjczMC1lY2FhLTExZTYtOGY4OC0zNDM2M2JjN2M0YzAiOnsiY3JlYXRlIjoxODAwMDAwMDAwMDAwLCJkZWxldGUiOjE4MDAwMDAwMDAwMDAsInJlYWQiOjMwMDAwMDAwMDAwMCwidXBkYXRlIjoxODAwMDAwMDAwMDAwfX0=",
          "dependencies": [
            "module.vnetgalim.azurerm_virtual_network.main"
          ]
        }
      ]
    },
    {
      "module": "module.vnetgalim",
      "mode": "managed",
      "type": "azurerm_subnet",
      "name": "prodnet",
      "provider": "provider[\"registry.terraform.io/hashicorp/azurerm\"]",
      "instances": [
        {
          "schema_version": 0,
          "attributes": {
            "address_prefixes": [
              "10.4.5.0/24"
            ],
            "delegation": [],
            "enforce_private_link_endpoint_network_policies": false,
            "enforce_private_link_service_network_policies": false,
            "id": "/subscriptions/cce19a46-eb62-40a6-ae89-4fc6fca58976/resourceGroups/GalimPro-Prod/providers/Microsoft.Network/virtualNetworks/vnet-vpn-galimpro/subnets/prodnet",
            "name": "prodnet",
            "private_endpoint_network_policies_enabled": true,
            "private_link_service_network_policies_enabled": true,
            "resource_group_name": "GalimPro-Prod",
            "service_endpoint_policy_ids": null,
            "service_endpoints": null,
            "timeouts": null,
            "virtual_network_name": "vnet-vpn-galimpro"
          },
          "sensitive_attributes": [],
          "private": "eyJlMmJmYjczMC1lY2FhLTExZTYtOGY4OC0zNDM2M2JjN2M0YzAiOnsiY3JlYXRlIjoxODAwMDAwMDAwMDAwLCJkZWxldGUiOjE4MDAwMDAwMDAwMDAsInJlYWQiOjMwMDAwMDAwMDAwMCwidXBkYXRlIjoxODAwMDAwMDAwMDAwfX0=",
          "dependencies": [
            "module.vnetgalim.azurerm_virtual_network.main"
          ]
        }
      ]
    },
    {
      "module": "module.vnetgalim",
      "mode": "managed",
      "type": "azurerm_virtual_network",
      "name": "main",
      "provider": "provider[\"registry.terraform.io/hashicorp/azurerm\"]",
      "instances": [
        {
          "schema_version": 0,
          "attributes": {
            "address_space": [
              "10.4.0.0/16"
            ],
            "bgp_community": "",
            "ddos_protection_plan": [],
            "dns_servers": [],
            "edge_zone": "",
            "flow_timeout_in_minutes": 0,
            "guid": "bd263c9d-401d-4a8c-9fb9-a735567c1fe1",
            "id": "/subscriptions/cce19a46-eb62-40a6-ae89-4fc6fca58976/resourceGroups/GalimPro-Prod/providers/Microsoft.Network/virtualNetworks/vnet-vpn-galimpro",
            "location": "westeurope",
            "name": "vnet-vpn-galimpro",
            "resource_group_name": "GalimPro-Prod",
            "subnet": [],
            "tags": null,
            "timeouts": null
          },
          "sensitive_attributes": [],
          "private": "eyJlMmJmYjczMC1lY2FhLTExZTYtOGY4OC0zNDM2M2JjN2M0YzAiOnsiY3JlYXRlIjoxODAwMDAwMDAwMDAwLCJkZWxldGUiOjE4MDAwMDAwMDAwMDAsInJlYWQiOjMwMDAwMDAwMDAwMCwidXBkYXRlIjoxODAwMDAwMDAwMDAwfX0="
        }
      ]
    },
    {
      "module": "module.vnetgalim",
      "mode": "managed",
      "type": "azurerm_virtual_network_gateway",
      "name": "vpn",
      "provider": "provider[\"registry.terraform.io/hashicorp/azurerm\"]",
      "instances": [
        {
          "schema_version": 0,
          "attributes": {
            "active_active": false,
            "bgp_settings": [
              {
                "asn": 65515,
                "peer_weight": 0,
                "peering_addresses": [
                  {
                    "apipa_addresses": [],
                    "default_addresses": [
                      "10.4.10.254"
                    ],
                    "ip_configuration_name": "vnetGatewaygalim",
                    "tunnel_ip_addresses": [
                      "20.23.237.219"
                    ]
                  }
                ]
              }
            ],
            "custom_route": [],
            "default_local_network_gateway_id": null,
            "edge_zone": "",
            "enable_bgp": false,
            "generation": "Generation1",
            "id": "/subscriptions/cce19a46-eb62-40a6-ae89-4fc6fca58976/resourceGroups/GalimPro-Prod/providers/Microsoft.Network/virtualNetworkGateways/vgw-vpn-galimpro",
            "ip_configuration": [
              {
                "name": "vnetGatewaygalim",
                "private_ip_address_allocation": "Dynamic",
                "public_ip_address_id": "/subscriptions/cce19a46-eb62-40a6-ae89-4fc6fca58976/resourceGroups/GalimPro-Prod/providers/Microsoft.Network/publicIPAddresses/bi-vgw-vpn-galimpro",
                "subnet_id": "/subscriptions/cce19a46-eb62-40a6-ae89-4fc6fca58976/resourceGroups/GalimPro-Prod/providers/Microsoft.Network/virtualNetworks/vnet-vpn-galimpro/subnets/GatewaySubnet"
              }
            ],
            "location": "westeurope",
            "name": "vgw-vpn-galimpro",
            "private_ip_address_enabled": false,
            "resource_group_name": "GalimPro-Prod",
            "sku": "VpnGw2",
            "tags": null,
            "timeouts": null,
            "type": "Vpn",
            "vpn_client_configuration": [],
            "vpn_type": "RouteBased"
          },
          "sensitive_attributes": [],
          "private": "eyJlMmJmYjczMC1lY2FhLTExZTYtOGY4OC0zNDM2M2JjN2M0YzAiOnsiY3JlYXRlIjozNjAwMDAwMDAwMDAwLCJkZWxldGUiOjM2MDAwMDAwMDAwMDAsInJlYWQiOjMwMDAwMDAwMDAwMCwidXBkYXRlIjozNjAwMDAwMDAwMDAwfX0=",
          "dependencies": [
            "module.vnetgalim.azurerm_public_ip.vpn",
            "module.vnetgalim.azurerm_subnet.gateway",
            "module.vnetgalim.azurerm_virtual_network.main"
          ]
        }
      ]
    }
  ],
  "check_results": null
}
